
Microsoft Visual Studio Solution File, Format Version 12.00
# Visual Studio Version 17
VisualStudioVersion = 17.4.33122.133
MinimumVisualStudioVersion = 10.0.40219.1
Project("{FAE04EC0-301F-11D3-BF4B-00C04F79EFBC}") = "UC-02-PrintArrayUsingGeneric", "UC-02-PrintArrayUsingGeneric.csproj", "{AA950D00-FB84-4E2C-95E1-C9049DE00106}"
EndProject
Global
	GlobalSection(SolutionConfigurationPlatforms) = preSolution
		Debug|Any CPU = Debug|Any CPU
		Release|Any CPU = Release|Any CPU
	EndGlobalSection
	GlobalSection(ProjectConfigurationPlatforms) = postSolution
		{AA950D00-FB84-4E2C-95E1-C9049DE00106}.Debug|Any CPU.ActiveCfg = Debug|Any CPU
		{AA950D00-FB84-4E2C-95E1-C9049DE00106}.Debug|Any CPU.Build.0 = Debug|Any CPU
		{AA950D00-FB84-4E2C-95E1-C9049DE00106}.Release|Any CPU.ActiveCfg = Release|Any CPU
		{AA950D00-FB84-4E2C-95E1-C9049DE00106}.Release|Any CPU.Build.0 = Release|Any CPU
	EndGlobalSection
	GlobalSection(SolutionProperties) = preSolution
		HideSolutionNode = FALSE
	EndGlobalSection
	GlobalSection(ExtensibilityGlobals) = postSolution
		SolutionGuid = {CEB73A89-405D-452A-A749-CF6770BBD1DE}
	EndGlobalSection
EndGlobal
