
Microsoft Visual Studio Solution File, Format Version 12.00
# Visual Studio Version 17
VisualStudioVersion = 17.4.33122.133
MinimumVisualStudioVersion = 10.0.40219.1
Project("{FAE04EC0-301F-11D3-BF4B-00C04F79EFBC}") = "UC-05-FindMaxFromString", "UC-05-FindMaxFromString.csproj", "{DD6D7D10-F638-4342-9419-0E9E3CB62EB7}"
EndProject
Global
	GlobalSection(SolutionConfigurationPlatforms) = preSolution
		Debug|Any CPU = Debug|Any CPU
		Release|Any CPU = Release|Any CPU
	EndGlobalSection
	GlobalSection(ProjectConfigurationPlatforms) = postSolution
		{DD6D7D10-F638-4342-9419-0E9E3CB62EB7}.Debug|Any CPU.ActiveCfg = Debug|Any CPU
		{DD6D7D10-F638-4342-9419-0E9E3CB62EB7}.Debug|Any CPU.Build.0 = Debug|Any CPU
		{DD6D7D10-F638-4342-9419-0E9E3CB62EB7}.Release|Any CPU.ActiveCfg = Release|Any CPU
		{DD6D7D10-F638-4342-9419-0E9E3CB62EB7}.Release|Any CPU.Build.0 = Release|Any CPU
	EndGlobalSection
	GlobalSection(SolutionProperties) = preSolution
		HideSolutionNode = FALSE
	EndGlobalSection
	GlobalSection(ExtensibilityGlobals) = postSolution
		SolutionGuid = {68C3942F-11BE-4515-A856-9CA3D9A6E49F}
	EndGlobalSection
EndGlobal
